
Microsoft Visual Studio Solution File, Format Version 12.00
# Visual Studio Version 17
VisualStudioVersion = 17.6.33723.286
MinimumVisualStudioVersion = 10.0.40219.1
Project("{F184B08F-C81C-45F6-A57F-5ABD9991F28F}") = "corrections_tps_prog", "corrections_tps_prog\corrections_tps_prog.vbproj", "{C791D72A-9223-48C3-9EAF-5DA9B0AE36B1}"
EndProject
Project("{F184B08F-C81C-45F6-A57F-5ABD9991F28F}") = "POOCompteur", "POOCompteur\POOCompteur.vbproj", "{5A91C6C9-2C47-450B-B37B-FDC078F51D28}"
EndProject
Project("{F184B08F-C81C-45F6-A57F-5ABD9991F28F}") = "EnseignantEleve", "EnseignantEleve\EnseignantEleve.vbproj", "{4698558F-94BB-41B9-AA93-A28E21313524}"
EndProject
Global
	GlobalSection(SolutionConfigurationPlatforms) = preSolution
		Debug|Any CPU = Debug|Any CPU
		Release|Any CPU = Release|Any CPU
	EndGlobalSection
	GlobalSection(ProjectConfigurationPlatforms) = postSolution
		{C791D72A-9223-48C3-9EAF-5DA9B0AE36B1}.Debug|Any CPU.ActiveCfg = Debug|Any CPU
		{C791D72A-9223-48C3-9EAF-5DA9B0AE36B1}.Debug|Any CPU.Build.0 = Debug|Any CPU
		{C791D72A-9223-48C3-9EAF-5DA9B0AE36B1}.Release|Any CPU.ActiveCfg = Release|Any CPU
		{C791D72A-9223-48C3-9EAF-5DA9B0AE36B1}.Release|Any CPU.Build.0 = Release|Any CPU
		{5A91C6C9-2C47-450B-B37B-FDC078F51D28}.Debug|Any CPU.ActiveCfg = Debug|Any CPU
		{5A91C6C9-2C47-450B-B37B-FDC078F51D28}.Debug|Any CPU.Build.0 = Debug|Any CPU
		{5A91C6C9-2C47-450B-B37B-FDC078F51D28}.Release|Any CPU.ActiveCfg = Release|Any CPU
		{5A91C6C9-2C47-450B-B37B-FDC078F51D28}.Release|Any CPU.Build.0 = Release|Any CPU
		{4698558F-94BB-41B9-AA93-A28E21313524}.Debug|Any CPU.ActiveCfg = Debug|Any CPU
		{4698558F-94BB-41B9-AA93-A28E21313524}.Debug|Any CPU.Build.0 = Debug|Any CPU
		{4698558F-94BB-41B9-AA93-A28E21313524}.Release|Any CPU.ActiveCfg = Release|Any CPU
		{4698558F-94BB-41B9-AA93-A28E21313524}.Release|Any CPU.Build.0 = Release|Any CPU
	EndGlobalSection
	GlobalSection(SolutionProperties) = preSolution
		HideSolutionNode = FALSE
	EndGlobalSection
	GlobalSection(ExtensibilityGlobals) = postSolution
		SolutionGuid = {2663BA27-CA60-45CF-B58D-57044B23DEA7}
	EndGlobalSection
EndGlobal
