
Microsoft Visual Studio Solution File, Format Version 12.00
# Visual Studio Version 17
VisualStudioVersion = 17.6.33723.286
MinimumVisualStudioVersion = 10.0.40219.1
Project("{F184B08F-C81C-45F6-A57F-5ABD9991F28F}") = "corrections_tps_prog", "corrections_tps_prog\corrections_tps_prog.vbproj", "{C791D72A-9223-48C3-9EAF-5DA9B0AE36B1}"
EndProject
Project("{F184B08F-C81C-45F6-A57F-5ABD9991F28F}") = "POOCompteur", "POOCompteur\POOCompteur.vbproj", "{5A91C6C9-2C47-450B-B37B-FDC078F51D28}"
EndProject
Project("{F184B08F-C81C-45F6-A57F-5ABD9991F28F}") = "POOEnseignantEleve", "POOEnseignantEleve\POOEnseignantEleve.vbproj", "{3C43927B-3ACD-4840-AD44-D734D314BB20}"
EndProject
Project("{F184B08F-C81C-45F6-A57F-5ABD9991F28F}") = "ExercicePile", "ExercicePile\ExercicePile.vbproj", "{65E949A7-D5CF-4621-8671-A689980335CB}"
EndProject
Project("{FAE04EC0-301F-11D3-BF4B-00C04F79EFBC}") = "POOComplexe", "POOComplexe\POOComplexe.csproj", "{E01368C8-F692-4B72-BADB-ECD3A103D3FC}"
EndProject
Project("{FAE04EC0-301F-11D3-BF4B-00C04F79EFBC}") = "POOCollection", "POOCollection\POOCollection.csproj", "{B850BE5C-0E55-430F-907A-F063ACAAC82A}"
EndProject
Project("{FAE04EC0-301F-11D3-BF4B-00C04F79EFBC}") = "Test", "Test\Test.csproj", "{C71C9EE0-2914-43BC-956E-ECFD3896D1E5}"
EndProject
Project("{FAE04EC0-301F-11D3-BF4B-00C04F79EFBC}") = "POOGestionCatalogueCollections", "POOGestionCatalogueCollections\POOGestionCatalogueCollections.csproj", "{A996E707-16B0-41AF-8BD8-2821449EBE7A}"
EndProject
Global
	GlobalSection(SolutionConfigurationPlatforms) = preSolution
		Debug|Any CPU = Debug|Any CPU
		Release|Any CPU = Release|Any CPU
	EndGlobalSection
	GlobalSection(ProjectConfigurationPlatforms) = postSolution
		{C791D72A-9223-48C3-9EAF-5DA9B0AE36B1}.Debug|Any CPU.ActiveCfg = Debug|Any CPU
		{C791D72A-9223-48C3-9EAF-5DA9B0AE36B1}.Debug|Any CPU.Build.0 = Debug|Any CPU
		{C791D72A-9223-48C3-9EAF-5DA9B0AE36B1}.Release|Any CPU.ActiveCfg = Release|Any CPU
		{C791D72A-9223-48C3-9EAF-5DA9B0AE36B1}.Release|Any CPU.Build.0 = Release|Any CPU
		{5A91C6C9-2C47-450B-B37B-FDC078F51D28}.Debug|Any CPU.ActiveCfg = Debug|Any CPU
		{5A91C6C9-2C47-450B-B37B-FDC078F51D28}.Debug|Any CPU.Build.0 = Debug|Any CPU
		{5A91C6C9-2C47-450B-B37B-FDC078F51D28}.Release|Any CPU.ActiveCfg = Release|Any CPU
		{5A91C6C9-2C47-450B-B37B-FDC078F51D28}.Release|Any CPU.Build.0 = Release|Any CPU
		{3C43927B-3ACD-4840-AD44-D734D314BB20}.Debug|Any CPU.ActiveCfg = Debug|Any CPU
		{3C43927B-3ACD-4840-AD44-D734D314BB20}.Debug|Any CPU.Build.0 = Debug|Any CPU
		{3C43927B-3ACD-4840-AD44-D734D314BB20}.Release|Any CPU.ActiveCfg = Release|Any CPU
		{3C43927B-3ACD-4840-AD44-D734D314BB20}.Release|Any CPU.Build.0 = Release|Any CPU
		{65E949A7-D5CF-4621-8671-A689980335CB}.Debug|Any CPU.ActiveCfg = Debug|Any CPU
		{65E949A7-D5CF-4621-8671-A689980335CB}.Debug|Any CPU.Build.0 = Debug|Any CPU
		{65E949A7-D5CF-4621-8671-A689980335CB}.Release|Any CPU.ActiveCfg = Release|Any CPU
		{65E949A7-D5CF-4621-8671-A689980335CB}.Release|Any CPU.Build.0 = Release|Any CPU
		{E01368C8-F692-4B72-BADB-ECD3A103D3FC}.Debug|Any CPU.ActiveCfg = Debug|Any CPU
		{E01368C8-F692-4B72-BADB-ECD3A103D3FC}.Debug|Any CPU.Build.0 = Debug|Any CPU
		{E01368C8-F692-4B72-BADB-ECD3A103D3FC}.Release|Any CPU.ActiveCfg = Release|Any CPU
		{E01368C8-F692-4B72-BADB-ECD3A103D3FC}.Release|Any CPU.Build.0 = Release|Any CPU
		{B850BE5C-0E55-430F-907A-F063ACAAC82A}.Debug|Any CPU.ActiveCfg = Debug|Any CPU
		{B850BE5C-0E55-430F-907A-F063ACAAC82A}.Debug|Any CPU.Build.0 = Debug|Any CPU
		{B850BE5C-0E55-430F-907A-F063ACAAC82A}.Release|Any CPU.ActiveCfg = Release|Any CPU
		{B850BE5C-0E55-430F-907A-F063ACAAC82A}.Release|Any CPU.Build.0 = Release|Any CPU
		{C71C9EE0-2914-43BC-956E-ECFD3896D1E5}.Debug|Any CPU.ActiveCfg = Debug|Any CPU
		{C71C9EE0-2914-43BC-956E-ECFD3896D1E5}.Debug|Any CPU.Build.0 = Debug|Any CPU
		{C71C9EE0-2914-43BC-956E-ECFD3896D1E5}.Release|Any CPU.ActiveCfg = Release|Any CPU
		{C71C9EE0-2914-43BC-956E-ECFD3896D1E5}.Release|Any CPU.Build.0 = Release|Any CPU
		{A996E707-16B0-41AF-8BD8-2821449EBE7A}.Debug|Any CPU.ActiveCfg = Debug|Any CPU
		{A996E707-16B0-41AF-8BD8-2821449EBE7A}.Debug|Any CPU.Build.0 = Debug|Any CPU
		{A996E707-16B0-41AF-8BD8-2821449EBE7A}.Release|Any CPU.ActiveCfg = Release|Any CPU
		{A996E707-16B0-41AF-8BD8-2821449EBE7A}.Release|Any CPU.Build.0 = Release|Any CPU
	EndGlobalSection
	GlobalSection(SolutionProperties) = preSolution
		HideSolutionNode = FALSE
	EndGlobalSection
	GlobalSection(ExtensibilityGlobals) = postSolution
		SolutionGuid = {2663BA27-CA60-45CF-B58D-57044B23DEA7}
	EndGlobalSection
EndGlobal
